
Microsoft Visual Studio Solution File, Format Version 12.00
# Visual Studio Version 16
VisualStudioVersion = 16.0.32228.343
MinimumVisualStudioVersion = 10.0.40219.1
Project("{9A19103F-16F7-4668-BE54-9A1E7A4F7556}") = "eShopSolution.WebApp", "eShopSolution.WebApp\eShopSolution.WebApp.csproj", "{FBC11D83-7820-4CFD-93BB-9A6E305CCDC0}"
	ProjectSection(ProjectDependencies) = postProject
		{30D6CC03-E138-42AE-8FCC-EDD132EF0439} = {30D6CC03-E138-42AE-8FCC-EDD132EF0439}
		{670B3BD7-4A80-442C-967D-C0EBE7BA2BD4} = {670B3BD7-4A80-442C-967D-C0EBE7BA2BD4}
	EndProjectSection
EndProject
Project("{2150E333-8FDC-42A3-9474-1A3956D46DE8}") = "0.Solution Items", "0.Solution Items", "{BA3FFF65-FB50-41E9-BEED-28243DC118D3}"
	ProjectSection(SolutionItems) = preProject
		README.md = README.md
	EndProjectSection
EndProject
Project("{9A19103F-16F7-4668-BE54-9A1E7A4F7556}") = "eShopSolution.Data", "eShopSolution.Data\eShopSolution.Data.csproj", "{30D6CC03-E138-42AE-8FCC-EDD132EF0439}"
EndProject
Project("{9A19103F-16F7-4668-BE54-9A1E7A4F7556}") = "eShopSolution.Application", "sShopSolution.Application\eShopSolution.Application.csproj", "{670B3BD7-4A80-442C-967D-C0EBE7BA2BD4}"
EndProject
Project("{9A19103F-16F7-4668-BE54-9A1E7A4F7556}") = "eShopSolution.Utilities", "eShopSolution.Utilites\eShopSolution.Utilities.csproj", "{C9383B83-AE2F-400C-A966-971A3A1AB890}"
EndProject
Project("{9A19103F-16F7-4668-BE54-9A1E7A4F7556}") = "eShopSolution.ViewModels", "eShopSolution.ViewModels\eShopSolution.ViewModels.csproj", "{8E81BB35-86F9-437A-970C-8EB7B76E3C53}"
EndProject
Project("{9A19103F-16F7-4668-BE54-9A1E7A4F7556}") = "eShopSolution.BackendAPI", "eShopSolution.BackendAPI\eShopSolution.BackendAPI.csproj", "{AFA2E6C1-3D56-41BA-ACDB-7246C005B53E}"
EndProject
Project("{2150E333-8FDC-42A3-9474-1A3956D46DE8}") = "1.Infastructure", "1.Infastructure", "{BCA5A872-6346-414F-A3CC-0F32391CA663}"
EndProject
Project("{2150E333-8FDC-42A3-9474-1A3956D46DE8}") = "2.Domain", "2.Domain", "{298F47D0-2435-490F-9CD2-524F5F573FA8}"
EndProject
Project("{2150E333-8FDC-42A3-9474-1A3956D46DE8}") = "3.Hosts", "3.Hosts", "{28FD1AB8-A7DC-44D2-AD22-62C421A7024F}"
EndProject
Project("{9A19103F-16F7-4668-BE54-9A1E7A4F7556}") = "eShopSolution.AdminApp", "eShopSolution.AdminApp\eShopSolution.AdminApp.csproj", "{AA7CB024-8D66-4FA6-BCE1-E9CA1D2546DB}"
EndProject
Global
	GlobalSection(SolutionConfigurationPlatforms) = preSolution
		Debug|Any CPU = Debug|Any CPU
		Release|Any CPU = Release|Any CPU
	EndGlobalSection
	GlobalSection(ProjectConfigurationPlatforms) = postSolution
		{FBC11D83-7820-4CFD-93BB-9A6E305CCDC0}.Debug|Any CPU.ActiveCfg = Debug|Any CPU
		{FBC11D83-7820-4CFD-93BB-9A6E305CCDC0}.Debug|Any CPU.Build.0 = Debug|Any CPU
		{FBC11D83-7820-4CFD-93BB-9A6E305CCDC0}.Release|Any CPU.ActiveCfg = Release|Any CPU
		{FBC11D83-7820-4CFD-93BB-9A6E305CCDC0}.Release|Any CPU.Build.0 = Release|Any CPU
		{30D6CC03-E138-42AE-8FCC-EDD132EF0439}.Debug|Any CPU.ActiveCfg = Debug|Any CPU
		{30D6CC03-E138-42AE-8FCC-EDD132EF0439}.Debug|Any CPU.Build.0 = Debug|Any CPU
		{30D6CC03-E138-42AE-8FCC-EDD132EF0439}.Release|Any CPU.ActiveCfg = Release|Any CPU
		{30D6CC03-E138-42AE-8FCC-EDD132EF0439}.Release|Any CPU.Build.0 = Release|Any CPU
		{670B3BD7-4A80-442C-967D-C0EBE7BA2BD4}.Debug|Any CPU.ActiveCfg = Debug|Any CPU
		{670B3BD7-4A80-442C-967D-C0EBE7BA2BD4}.Debug|Any CPU.Build.0 = Debug|Any CPU
		{670B3BD7-4A80-442C-967D-C0EBE7BA2BD4}.Release|Any CPU.ActiveCfg = Release|Any CPU
		{670B3BD7-4A80-442C-967D-C0EBE7BA2BD4}.Release|Any CPU.Build.0 = Release|Any CPU
		{C9383B83-AE2F-400C-A966-971A3A1AB890}.Debug|Any CPU.ActiveCfg = Debug|Any CPU
		{C9383B83-AE2F-400C-A966-971A3A1AB890}.Debug|Any CPU.Build.0 = Debug|Any CPU
		{C9383B83-AE2F-400C-A966-971A3A1AB890}.Release|Any CPU.ActiveCfg = Release|Any CPU
		{C9383B83-AE2F-400C-A966-971A3A1AB890}.Release|Any CPU.Build.0 = Release|Any CPU
		{8E81BB35-86F9-437A-970C-8EB7B76E3C53}.Debug|Any CPU.ActiveCfg = Debug|Any CPU
		{8E81BB35-86F9-437A-970C-8EB7B76E3C53}.Debug|Any CPU.Build.0 = Debug|Any CPU
		{8E81BB35-86F9-437A-970C-8EB7B76E3C53}.Release|Any CPU.ActiveCfg = Release|Any CPU
		{8E81BB35-86F9-437A-970C-8EB7B76E3C53}.Release|Any CPU.Build.0 = Release|Any CPU
		{AFA2E6C1-3D56-41BA-ACDB-7246C005B53E}.Debug|Any CPU.ActiveCfg = Debug|Any CPU
		{AFA2E6C1-3D56-41BA-ACDB-7246C005B53E}.Debug|Any CPU.Build.0 = Debug|Any CPU
		{AFA2E6C1-3D56-41BA-ACDB-7246C005B53E}.Release|Any CPU.ActiveCfg = Release|Any CPU
		{AFA2E6C1-3D56-41BA-ACDB-7246C005B53E}.Release|Any CPU.Build.0 = Release|Any CPU
		{AA7CB024-8D66-4FA6-BCE1-E9CA1D2546DB}.Debug|Any CPU.ActiveCfg = Debug|Any CPU
		{AA7CB024-8D66-4FA6-BCE1-E9CA1D2546DB}.Debug|Any CPU.Build.0 = Debug|Any CPU
		{AA7CB024-8D66-4FA6-BCE1-E9CA1D2546DB}.Release|Any CPU.ActiveCfg = Release|Any CPU
		{AA7CB024-8D66-4FA6-BCE1-E9CA1D2546DB}.Release|Any CPU.Build.0 = Release|Any CPU
	EndGlobalSection
	GlobalSection(SolutionProperties) = preSolution
		HideSolutionNode = FALSE
	EndGlobalSection
	GlobalSection(NestedProjects) = preSolution
		{FBC11D83-7820-4CFD-93BB-9A6E305CCDC0} = {28FD1AB8-A7DC-44D2-AD22-62C421A7024F}
		{30D6CC03-E138-42AE-8FCC-EDD132EF0439} = {298F47D0-2435-490F-9CD2-524F5F573FA8}
		{670B3BD7-4A80-442C-967D-C0EBE7BA2BD4} = {298F47D0-2435-490F-9CD2-524F5F573FA8}
		{C9383B83-AE2F-400C-A966-971A3A1AB890} = {BCA5A872-6346-414F-A3CC-0F32391CA663}
		{8E81BB35-86F9-437A-970C-8EB7B76E3C53} = {BCA5A872-6346-414F-A3CC-0F32391CA663}
		{AFA2E6C1-3D56-41BA-ACDB-7246C005B53E} = {28FD1AB8-A7DC-44D2-AD22-62C421A7024F}
		{AA7CB024-8D66-4FA6-BCE1-E9CA1D2546DB} = {28FD1AB8-A7DC-44D2-AD22-62C421A7024F}
	EndGlobalSection
	GlobalSection(ExtensibilityGlobals) = postSolution
		SolutionGuid = {1B8062C3-199B-41FF-BEA8-6B594CC5C999}
	EndGlobalSection
EndGlobal
